# This file is autogenerated, do not edit; changes may be undone by the next 'dep ensure'.


[[projects]]
  name = "github.com/davecgh/go-spew"
  packages = ["spew"]
  revision = "8991bc29aa16c548c550c7ff78260e27b9ab7c73"
  version = "v1.1.1"

[[projects]]
  name = "github.com/inconshreveable/mousetrap"
  packages = ["."]
  revision = "76626ae9c91c4f2a10f34cad8ce83ea42c93bb75"
  version = "v1.0"

[[projects]]
  branch = "master"
  name = "github.com/lestrrat-go/jwx"
  packages = [
    "internal/base64",
    "jwa",
    "jwk"
  ]
  revision = "0e3622ae3e832755f1b52f944b204bcd5309d7d7"

[[projects]]
  branch = "master"
  name = "github.com/lestrrat-go/pdebug"
  packages = ["."]
  revision = "39f9a71bcabe9432cbdfe4d3d33f41988acd2ce6"

[[projects]]
  name = "github.com/pkg/errors"
  packages = ["."]
  revision = "645ef00459ed84a119197bfb8d8205042c6df63d"
  version = "v0.8.0"

[[projects]]
  name = "github.com/pmezard/go-difflib"
  packages = ["difflib"]
  revision = "792786c7400a136282c1664665ae0a8db921c6c2"
  version = "v1.0.0"

[[projects]]
  branch = "master"
  name = "github.com/spf13/cobra"
  packages = ["."]
  revision = "6fd8e29b07d8242ebe2888060fede5766e240c25"

[[projects]]
  name = "github.com/spf13/pflag"
  packages = ["."]
  revision = "9a97c102cda95a86cec2345a6f09f55a939babf5"
  version = "v1.0.2"

[[projects]]
  name = "github.com/stretchr/testify"
  packages = [
    "assert",
    "require"
  ]
  revision = "f35b8ab0b5a2cef36673838d662e249dd9c94686"
  version = "v1.2.2"

[[projects]]
  branch = "master"
  name = "github.com/thales-e-security/xcrypto"
  packages = [
    "pkcs12",
    "pkcs12/internal/rc2"
  ]
  revision = "f4483384015a22dd5ea4cd3e4f63828fb6528bcc"

[[projects]]
  branch = "master"
  name = "golang.org/x/crypto"
  packages = ["ssh/terminal"]
  revision = "614d502a4dac94afa3a6ce146bd1736da82514c6"

[[projects]]
  branch = "master"
  name = "golang.org/x/sys"
  packages = [
    "unix",
    "windows"
  ]
  revision = "d99a578cf41bfccdeaf48b0845c823a4b8b0ad5e"

[solve-meta]
  analyzer-name = "dep"
  analyzer-version = 1
  inputs-digest = "45a2b28ad25d90a2dd97ba76fbc4fffd35d024fed56ad677837e013bfba559c0"
  solver-name = "gps-cdcl"
  solver-version = 1
